PODS:
  - Yoga (1.14.0)
  - YogaKit (1.18.1):
    - Yoga (~> 1.14)

DEPENDENCIES:
  - YogaKit

SPEC REPOS:
  trunk:
    - Yoga
    - YogaKit

SPEC CHECKSUMS:
  Yoga: cff67a400f6b74dc38eb0bad4f156673d9aa980c
  YogaKit: f782866e155069a2cca2517aafea43200b01fd5a

PODFILE CHECKSUM: b7aae85a615578d771895464f064d1eec60057a2

COCOAPODS: 1.10.1
